# This file is automatically @generated by Cargo.
# It is not intended for manual editing.
version = 4

[[package]]
name = "afs-as"
version = "0.1.0"

[[package]]
name = "afs-tests"
version = "0.1.0"
dependencies = [
 "armfortas",
 "bencch-core",
]

[[package]]
name = "armfortas"
version = "0.1.0"
dependencies = [
 "afs-as",
]

[[package]]
name = "bencch-core"
version = "0.1.0"
